// !$*UTF8*$!
{
	archiveVersion = 1;
	classes = {
	};
	objectVersion = 46;
	objects = {

/* Begin PBXBuildFile section */
		A3B53478162F9FC300476349 /* UIKit.framework in Frameworks */ = {isa = PBXBuildFile; fileRef = A3B53477162F9FC300476349 /* UIKit.framework */; };
		A3B5347A162F9FC300476349 /* Foundation.framework in Frameworks */ = {isa = PBXBuildFile; fileRef = A3B53479162F9FC300476349 /* Foundation.framework */; };
		A3B5347C162F9FC300476349 /* CoreGraphics.framework in Frameworks */ = {isa = PBXBuildFile; fileRef = A3B5347B162F9FC300476349 /* CoreGraphics.framework */; };
		A3B53482162F9FC300476349 /* InfoPlist.strings in Resources */ = {isa = PBXBuildFile; fileRef = A3B53480162F9FC300476349 /* InfoPlist.strings */; };
		A3B53484162F9FC300476349 /* main.m in Sources */ = {isa = PBXBuildFile; fileRef = A3B53483162F9FC300476349 /* main.m */; };
		A3B53488162F9FC400476349 /* Oct18AppDelegate.m in Sources */ = {isa = PBXBuildFile; fileRef = A3B53487162F9FC400476349 /* Oct18AppDelegate.m */; };
		A3B53490162F9FC400476349 /* SenTestingKit.framework in Frameworks */ = {isa = PBXBuildFile; fileRef = A3B5348F162F9FC400476349 /* SenTestingKit.framework */; };
		A3B53491162F9FC400476349 /* UIKit.framework in Frameworks */ = {isa = PBXBuildFile; fileRef = A3B53477162F9FC300476349 /* UIKit.framework */; };
		A3B53492162F9FC400476349 /* Foundation.framework in Frameworks */ = {isa = PBXBuildFile; fileRef = A3B53479162F9FC300476349 /* Foundation.framework */; };
		A3B5349A162F9FC400476349 /* InfoPlist.strings in Resources */ = {isa = PBXBuildFile; fileRef = A3B53498162F9FC400476349 /* InfoPlist.strings */; };
		A3B5349D162F9FC400476349 /* Oct18Tests.m in Sources */ = {isa = PBXBuildFile; fileRef = A3B5349C162F9FC400476349 /* Oct18Tests.m */; };
/* End PBXBuildFile section */

/* Begin PBXContainerItemProxy section */
		A3B53493162F9FC400476349 /* PBXContainerItemProxy */ = {
			isa = PBXContainerItemProxy;
			containerPortal = A3B5346A162F9FC300476349 /* Project object */;
			proxyType = 1;
			remoteGlobalIDString = A3B53472162F9FC300476349;
			remoteInfo = Oct18;
		};
/* End PBXContainerItemProxy section */

/* Begin PBXFileReference section */
		A3B53473162F9FC300476349 /* Oct18.app */ = {isa = PBXFileReference; explicitFileType = wrapper.application; includeInIndex = 0; path = Oct18.app; sourceTree = BUILT_PRODUCTS_DIR; };
		A3B53477162F9FC300476349 /* UIKit.framework */ = {isa = PBXFileReference; lastKnownFileType = wrapper.framework; name = UIKit.framework; path = System/Library/Frameworks/UIKit.framework; sourceTree = SDKROOT; };
		A3B53479162F9FC300476349 /* Foundation.framework */ = {isa = PBXFileReference; lastKnownFileType = wrapper.framework; name = Foundation.framework; path = System/Library/Frameworks/Foundation.framework; sourceTree = SDKROOT; };
		A3B5347B162F9FC300476349 /* CoreGraphics.framework */ = {isa = PBXFileReference; lastKnownFileType = wrapper.framework; name = CoreGraphics.framework; path = System/Library/Frameworks/CoreGraphics.framework; sourceTree = SDKROOT; };
		A3B5347F162F9FC300476349 /* Oct18-Info.plist */ = {isa = PBXFileReference; lastKnownFileType = text.plist.xml; path = "Oct18-Info.plist"; sourceTree = "<group>"; };
		A3B53481162F9FC300476349 /* en */ = {isa = PBXFileReference; lastKnownFileType = text.plist.strings; name = en; path = en.lproj/InfoPlist.strings; sourceTree = "<group>"; };
		A3B53483162F9FC300476349 /* main.m */ = {isa = PBXFileReference; lastKnownFileType = sourcecode.c.objc; path = main.m; sourceTree = "<group>"; };
		A3B53485162F9FC300476349 /* Oct18-Prefix.pch */ = {isa = PBXFileReference; lastKnownFileType = sourcecode.c.h; path = "Oct18-Prefix.pch"; sourceTree = "<group>"; };
		A3B53486162F9FC400476349 /* Oct18AppDelegate.h */ = {isa = PBXFileReference; lastKnownFileType = sourcecode.c.h; path = Oct18AppDelegate.h; sourceTree = "<group>"; };
		A3B53487162F9FC400476349 /* Oct18AppDelegate.m */ = {isa = PBXFileReference; lastKnownFileType = sourcecode.c.objc; path = Oct18AppDelegate.m; sourceTree = "<group>"; };
		A3B5348E162F9FC400476349 /* Oct18Tests.octest */ = {isa = PBXFileReference; explicitFileType = wrapper.cfbundle; includeInIndex = 0; path = Oct18Tests.octest; sourceTree = BUILT_PRODUCTS_DIR; };
		A3B5348F162F9FC400476349 /* SenTestingKit.framework */ = {isa = PBXFileReference; lastKnownFileType = wrapper.framework; name = SenTestingKit.framework; path = Library/Frameworks/SenTestingKit.framework; sourceTree = DEVELOPER_DIR; };
		A3B53497162F9FC400476349 /* Oct18Tests-Info.plist */ = {isa = PBXFileReference; lastKnownFileType = text.plist.xml; path = "Oct18Tests-Info.plist"; sourceTree = "<group>"; };
		A3B53499162F9FC400476349 /* en */ = {isa = PBXFileReference; lastKnownFileType = text.plist.strings; name = en; path = en.lproj/InfoPlist.strings; sourceTree = "<group>"; };
		A3B5349B162F9FC400476349 /* Oct18Tests.h */ = {isa = PBXFileReference; lastKnownFileType = sourcecode.c.h; path = Oct18Tests.h; sourceTree = "<group>"; };
		A3B5349C162F9FC400476349 /* Oct18Tests.m */ = {isa = PBXFileReference; lastKnownFileType = sourcecode.c.objc; path = Oct18Tests.m; sourceTree = "<group>"; };
/* End PBXFileReference section */

/* Begin PBXFrameworksBuildPhase section */
		A3B53470162F9FC300476349 /* Frameworks */ = {
			isa = PBXFrameworksBuildPhase;
			buildActionMask = 2147483647;
			files = (
				A3B53478162F9FC300476349 /* UIKit.framework in Frameworks */,
				A3B5347A162F9FC300476349 /* Foundation.framework in Frameworks */,
				A3B5347C162F9FC300476349 /* CoreGraphics.framework in Frameworks */,
			);
			runOnlyForDeploymentPostprocessing = 0;
		};
		A3B5348A162F9FC400476349 /* Frameworks */ = {
			isa = PBXFrameworksBuildPhase;
			buildActionMask = 2147483647;
			files = (
				A3B53490162F9FC400476349 /* SenTestingKit.framework in Frameworks */,
				A3B53491162F9FC400476349 /* UIKit.framework in Frameworks */,
				A3B53492162F9FC400476349 /* Foundation.framework in Frameworks */,
			);
			runOnlyForDeploymentPostprocessing = 0;
		};
/* End PBXFrameworksBuildPhase section */

/* Begin PBXGroup section */
		A3B53468162F9FC300476349 = {
			isa = PBXGroup;
			children = (
				A3B5347D162F9FC300476349 /* Oct18 */,
				A3B53495162F9FC400476349 /* Oct18Tests */,
				A3B53476162F9FC300476349 /* Frameworks */,
				A3B53474162F9FC300476349 /* Products */,
			);
			sourceTree = "<group>";
		};
		A3B53474162F9FC300476349 /* Products */ = {
			isa = PBXGroup;
			children = (
				A3B53473162F9FC300476349 /* Oct18.app */,
				A3B5348E162F9FC400476349 /* Oct18Tests.octest */,
			);
			name = Products;
			sourceTree = "<group>";
		};
		A3B53476162F9FC300476349 /* Frameworks */ = {
			isa = PBXGroup;
			children = (
				A3B53477162F9FC300476349 /* UIKit.framework */,
				A3B53479162F9FC300476349 /* Foundation.framework */,
				A3B5347B162F9FC300476349 /* CoreGraphics.framework */,
				A3B5348F162F9FC400476349 /* SenTestingKit.framework */,
			);
			name = Frameworks;
			sourceTree = "<group>";
		};
		A3B5347D162F9FC300476349 /* Oct18 */ = {
			isa = PBXGroup;
			children = (
				A3B53486162F9FC400476349 /* Oct18AppDelegate.h */,
				A3B53487162F9FC400476349 /* Oct18AppDelegate.m */,
				A3B5347E162F9FC300476349 /* Supporting Files */,
			);
			path = Oct18;
			sourceTree = "<group>";
		};
		A3B5347E162F9FC300476349 /* Supporting Files */ = {
			isa = PBXGroup;
			children = (
				A3B5347F162F9FC300476349 /* Oct18-Info.plist */,
				A3B53480162F9FC300476349 /* InfoPlist.strings */,
				A3B53483162F9FC300476349 /* main.m */,
				A3B53485162F9FC300476349 /* Oct18-Prefix.pch */,
			);
			name = "Supporting Files";
			sourceTree = "<group>";
		};
		A3B53495162F9FC400476349 /* Oct18Tests */ = {
			isa = PBXGroup;
			children = (
				A3B5349B162F9FC400476349 /* Oct18Tests.h */,
				A3B5349C162F9FC400476349 /* Oct18Tests.m */,
				A3B53496162F9FC400476349 /* Supporting Files */,
			);
			path = Oct18Tests;
			sourceTree = "<group>";
		};
		A3B53496162F9FC400476349 /* Supporting Files */ = {
			isa = PBXGroup;
			children = (
				A3B53497162F9FC400476349 /* Oct18Tests-Info.plist */,
				A3B53498162F9FC400476349 /* InfoPlist.strings */,
			);
			name = "Supporting Files";
			sourceTree = "<group>";
		};
/* End PBXGroup section */

/* Begin PBXNativeTarget section */
		A3B53472162F9FC300476349 /* Oct18 */ = {
			isa = PBXNativeTarget;
			buildConfigurationList = A3B534A0162F9FC400476349 /* Build configuration list for PBXNativeTarget "Oct18" */;
			buildPhases = (
				A3B5346F162F9FC300476349 /* Sources */,
				A3B53470162F9FC300476349 /* Frameworks */,
				A3B53471162F9FC300476349 /* Resources */,
			);
			buildRules = (
			);
			dependencies = (
			);
			name = Oct18;
			productName = Oct18;
			productReference = A3B53473162F9FC300476349 /* Oct18.app */;
			productType = "com.apple.product-type.application";
		};
		A3B5348D162F9FC400476349 /* Oct18Tests */ = {
			isa = PBXNativeTarget;
			buildConfigurationList = A3B534A3162F9FC400476349 /* Build configuration list for PBXNativeTarget "Oct18Tests" */;
			buildPhases = (
				A3B53489162F9FC400476349 /* Sources */,
				A3B5348A162F9FC400476349 /* Frameworks */,
				A3B5348B162F9FC400476349 /* Resources */,
				A3B5348C162F9FC400476349 /* ShellScript */,
			);
			buildRules = (
			);
			dependencies = (
				A3B53494162F9FC400476349 /* PBXTargetDependency */,
			);
			name = Oct18Tests;
			productName = Oct18Tests;
			productReference = A3B5348E162F9FC400476349 /* Oct18Tests.octest */;
			productType = "com.apple.product-type.bundle";
		};
/* End PBXNativeTarget section */

/* Begin PBXProject section */
		A3B5346A162F9FC300476349 /* Project object */ = {
			isa = PBXProject;
			attributes = {
				CLASSPREFIX = Oct18;
				LastUpgradeCheck = 0440;
			};
			buildConfigurationList = A3B5346D162F9FC300476349 /* Build configuration list for PBXProject "Oct18" */;
			compatibilityVersion = "Xcode 3.2";
			developmentRegion = English;
			hasScannedForEncodings = 0;
			knownRegions = (
				en,
			);
			mainGroup = A3B53468162F9FC300476349;
			productRefGroup = A3B53474162F9FC300476349 /* Products */;
			projectDirPath = "";
			projectRoot = "";
			targets = (
				A3B53472162F9FC300476349 /* Oct18 */,
				A3B5348D162F9FC400476349 /* Oct18Tests */,
			);
		};
/* End PBXProject section */

/* Begin PBXResourcesBuildPhase section */
		A3B53471162F9FC300476349 /* Resources */ = {
			isa = PBXResourcesBuildPhase;
			buildActionMask = 2147483647;
			files = (
				A3B53482162F9FC300476349 /* InfoPlist.strings in Resources */,
			);
			runOnlyForDeploymentPostprocessing = 0;
		};
		A3B5348B162F9FC400476349 /* Resources */ = {
			isa = PBXResourcesBuildPhase;
			buildActionMask = 2147483647;
			files = (
				A3B5349A162F9FC400476349 /* InfoPlist.strings in Resources */,
			);
			runOnlyForDeploymentPostprocessing = 0;
		};
/* End PBXResourcesBuildPhase section */

/* Begin PBXShellScriptBuildPhase section */
		A3B5348C162F9FC400476349 /* ShellScript */ = {
			isa = PBXShellScriptBuildPhase;
			buildActionMask = 2147483647;
			files = (
			);
			inputPaths = (
			);
			outputPaths = (
			);
			runOnlyForDeploymentPostprocessing = 0;
			shellPath = /bin/sh;
			shellScript = "# Run the unit tests in this test bundle.\n\"${SYSTEM_DEVELOPER_DIR}/Tools/RunUnitTests\"\n";
		};
/* End PBXShellScriptBuildPhase section */

/* Begin PBXSourcesBuildPhase section */
		A3B5346F162F9FC300476349 /* Sources */ = {
			isa = PBXSourcesBuildPhase;
			buildActionMask = 2147483647;
			files = (
				A3B53484162F9FC300476349 /* main.m in Sources */,
				A3B53488162F9FC400476349 /* Oct18AppDelegate.m in Sources */,
			);
			runOnlyForDeploymentPostprocessing = 0;
		};
		A3B53489162F9FC400476349 /* Sources */ = {
			isa = PBXSourcesBuildPhase;
			buildActionMask = 2147483647;
			files = (
				A3B5349D162F9FC400476349 /* Oct18Tests.m in Sources */,
			);
			runOnlyForDeploymentPostprocessing = 0;
		};
/* End PBXSourcesBuildPhase section */

/* Begin PBXTargetDependency section */
		A3B53494162F9FC400476349 /* PBXTargetDependency */ = {
			isa = PBXTargetDependency;
			target = A3B53472162F9FC300476349 /* Oct18 */;
			targetProxy = A3B53493162F9FC400476349 /* PBXContainerItemProxy */;
		};
/* End PBXTargetDependency section */

/* Begin PBXVariantGroup section */
		A3B53480162F9FC300476349 /* InfoPlist.strings */ = {
			isa = PBXVariantGroup;
			children = (
				A3B53481162F9FC300476349 /* en */,
			);
			name = InfoPlist.strings;
			sourceTree = "<group>";
		};
		A3B53498162F9FC400476349 /* InfoPlist.strings */ = {
			isa = PBXVariantGroup;
			children = (
				A3B53499162F9FC400476349 /* en */,
			);
			name = InfoPlist.strings;
			sourceTree = "<group>";
		};
/* End PBXVariantGroup section */

/* Begin XCBuildConfiguration section */
		A3B5349E162F9FC400476349 /* Debug */ = {
			isa = XCBuildConfiguration;
			buildSettings = {
				ALWAYS_SEARCH_USER_PATHS = NO;
				ARCHS = "$(ARCHS_STANDARD_32_BIT)";
				CLANG_CXX_LANGUAGE_STANDARD = "gnu++0x";
				CLANG_ENABLE_OBJC_ARC = YES;
				CLANG_WARN__DUPLICATE_METHOD_MATCH = YES;
				"CODE_SIGN_IDENTITY[sdk=iphoneos*]" = "iPhone Developer";
				COPY_PHASE_STRIP = NO;
				GCC_C_LANGUAGE_STANDARD = gnu99;
				GCC_DYNAMIC_NO_PIC = NO;
				GCC_OPTIMIZATION_LEVEL = 0;
				GCC_PREPROCESSOR_DEFINITIONS = (
					"DEBUG=1",
					"$(inherited)",
				);
				GCC_SYMBOLS_PRIVATE_EXTERN = NO;
				GCC_VERSION = com.apple.compilers.llvm.clang.1_0;
				GCC_WARN_ABOUT_RETURN_TYPE = YES;
				GCC_WARN_UNINITIALIZED_AUTOS = YES;
				GCC_WARN_UNUSED_VARIABLE = YES;
				IPHONEOS_DEPLOYMENT_TARGET = 5.1;
				SDKROOT = iphoneos;
			};
			name = Debug;
		};
		A3B5349F162F9FC400476349 /* Release */ = {
			isa = XCBuildConfiguration;
			buildSettings = {
				ALWAYS_SEARCH_USER_PATHS = NO;
				ARCHS = "$(ARCHS_STANDARD_32_BIT)";
				CLANG_CXX_LANGUAGE_STANDARD = "gnu++0x";
				CLANG_ENABLE_OBJC_ARC = YES;
				CLANG_WARN__DUPLICATE_METHOD_MATCH = YES;
				"CODE_SIGN_IDENTITY[sdk=iphoneos*]" = "iPhone Developer";
				COPY_PHASE_STRIP = YES;
				GCC_C_LANGUAGE_STANDARD = gnu99;
				GCC_VERSION = com.apple.compilers.llvm.clang.1_0;
				GCC_WARN_ABOUT_RETURN_TYPE = YES;
				GCC_WARN_UNINITIALIZED_AUTOS = YES;
				GCC_WARN_UNUSED_VARIABLE = YES;
				IPHONEOS_DEPLOYMENT_TARGET = 5.1;
				OTHER_CFLAGS = "-DNS_BLOCK_ASSERTIONS=1";
				SDKROOT = iphoneos;
				VALIDATE_PRODUCT = YES;
			};
			name = Release;
		};
		A3B534A1162F9FC400476349 /* Debug */ = {
			isa = XCBuildConfiguration;
			buildSettings = {
				GCC_PRECOMPILE_PREFIX_HEADER = YES;
				GCC_PREFIX_HEADER = "Oct18/Oct18-Prefix.pch";
				INFOPLIST_FILE = "Oct18/Oct18-Info.plist";
				PRODUCT_NAME = "$(TARGET_NAME)";
				WRAPPER_EXTENSION = app;
			};
			name = Debug;
		};
		A3B534A2162F9FC400476349 /* Release */ = {
			isa = XCBuildConfiguration;
			buildSettings = {
				GCC_PRECOMPILE_PREFIX_HEADER = YES;
				GCC_PREFIX_HEADER = "Oct18/Oct18-Prefix.pch";
				INFOPLIST_FILE = "Oct18/Oct18-Info.plist";
				PRODUCT_NAME = "$(TARGET_NAME)";
				WRAPPER_EXTENSION = app;
			};
			name = Release;
		};
		A3B534A4162F9FC400476349 /* Debug */ = {
			isa = XCBuildConfiguration;
			buildSettings = {
				BUNDLE_LOADER = "$(BUILT_PRODUCTS_DIR)/Oct18.app/Oct18";
				FRAMEWORK_SEARCH_PATHS = (
					"\"$(SDKROOT)/Developer/Library/Frameworks\"",
					"\"$(DEVELOPER_LIBRARY_DIR)/Frameworks\"",
				);
				GCC_PRECOMPILE_PREFIX_HEADER = YES;
				GCC_PREFIX_HEADER = "Oct18/Oct18-Prefix.pch";
				INFOPLIST_FILE = "Oct18Tests/Oct18Tests-Info.plist";
				PRODUCT_NAME = "$(TARGET_NAME)";
				TEST_HOST = "$(BUNDLE_LOADER)";
				WRAPPER_EXTENSION = octest;
			};
			name = Debug;
		};
		A3B534A5162F9FC400476349 /* Release */ = {
			isa = XCBuildConfiguration;
			buildSettings = {
				BUNDLE_LOADER = "$(BUILT_PRODUCTS_DIR)/Oct18.app/Oct18";
				FRAMEWORK_SEARCH_PATHS = (
					"\"$(SDKROOT)/Developer/Library/Frameworks\"",
					"\"$(DEVELOPER_LIBRARY_DIR)/Frameworks\"",
				);
				GCC_PRECOMPILE_PREFIX_HEADER = YES;
				GCC_PREFIX_HEADER = "Oct18/Oct18-Prefix.pch";
				INFOPLIST_FILE = "Oct18Tests/Oct18Tests-Info.plist";
				PRODUCT_NAME = "$(TARGET_NAME)";
				TEST_HOST = "$(BUNDLE_LOADER)";
				WRAPPER_EXTENSION = octest;
			};
			name = Release;
		};
/* End XCBuildConfiguration section */

/* Begin XCConfigurationList section */
		A3B5346D162F9FC300476349 /* Build configuration list for PBXProject "Oct18" */ = {
			isa = XCConfigurationList;
			buildConfigurations = (
				A3B5349E162F9FC400476349 /* Debug */,
				A3B5349F162F9FC400476349 /* Release */,
			);
			defaultConfigurationIsVisible = 0;
			defaultConfigurationName = Release;
		};
		A3B534A0162F9FC400476349 /* Build configuration list for PBXNativeTarget "Oct18" */ = {
			isa = XCConfigurationList;
			buildConfigurations = (
				A3B534A1162F9FC400476349 /* Debug */,
				A3B534A2162F9FC400476349 /* Release */,
			);
			defaultConfigurationIsVisible = 0;
		};
		A3B534A3162F9FC400476349 /* Build configuration list for PBXNativeTarget "Oct18Tests" */ = {
			isa = XCConfigurationList;
			buildConfigurations = (
				A3B534A4162F9FC400476349 /* Debug */,
				A3B534A5162F9FC400476349 /* Release */,
			);
			defaultConfigurationIsVisible = 0;
		};
/* End XCConfigurationList section */
	};
	rootObject = A3B5346A162F9FC300476349 /* Project object */;
}
